
Microsoft Visual Studio Solution File, Format Version 12.00
# Visual Studio Version 17
VisualStudioVersion = 17.14.37216.2 d17.14
MinimumVisualStudioVersion = 10.0.40219.1
Project("{9A19103F-16F7-4668-BE54-9A1E7A4F7556}") = "NetBannerNG", "NetBannerNG\NetBannerNG.csproj", "{6FA45981-2F56-4B8A-911F-DC515FB0D980}"
EndProject
Project("{9A19103F-16F7-4668-BE54-9A1E7A4F7556}") = "NetBannerNG.Service", "NetBannerNG.Service\NetBannerNG.Service.csproj", "{44572359-8BF7-4341-B2B4-A803B9C362A7}"
EndProject
Project("{9A19103F-16F7-4668-BE54-9A1E7A4F7556}") = "NetBannerNG.Common", "NetBannerNG.Common\NetBannerNG.Common.csproj", "{F6996EF7-1C26-4E28-9CFA-1997DB13CE3B}"
EndProject
Project("{2150E333-8FDC-42A3-9474-1A3956D46DE8}") = "Solution Items", "Solution Items", "{F9D767AF-6A9B-4910-88A3-DE2EA81472BB}"
	ProjectSection(SolutionItems) = preProject
		.editorconfig = .editorconfig
		setup.iss = setup.iss
	EndProjectSection
EndProject
Project("{2150E333-8FDC-42A3-9474-1A3956D46DE8}") = "Assets", "Assets", "{55F150C5-202D-4E41-AD4A-9C187DD76B50}"
	ProjectSection(SolutionItems) = preProject
		Assets\colorpicker1.png = Assets\colorpicker1.png
		Assets\colorpicker2.png = Assets\colorpicker2.png
		Assets\DeltaZulu - dark.ico = Assets\DeltaZulu - dark.ico
	EndProjectSection
EndProject
Global
	GlobalSection(SolutionConfigurationPlatforms) = preSolution
		Debug|Any CPU = Debug|Any CPU
		Release|Any CPU = Release|Any CPU
	EndGlobalSection
	GlobalSection(ProjectConfigurationPlatforms) = postSolution
		{6FA45981-2F56-4B8A-911F-DC515FB0D980}.Debug|Any CPU.ActiveCfg = Debug|Any CPU
		{6FA45981-2F56-4B8A-911F-DC515FB0D980}.Debug|Any CPU.Build.0 = Debug|Any CPU
		{6FA45981-2F56-4B8A-911F-DC515FB0D980}.Release|Any CPU.ActiveCfg = Release|Any CPU
		{6FA45981-2F56-4B8A-911F-DC515FB0D980}.Release|Any CPU.Build.0 = Release|Any CPU
		{44572359-8BF7-4341-B2B4-A803B9C362A7}.Debug|Any CPU.ActiveCfg = Debug|Any CPU
		{44572359-8BF7-4341-B2B4-A803B9C362A7}.Debug|Any CPU.Build.0 = Debug|Any CPU
		{44572359-8BF7-4341-B2B4-A803B9C362A7}.Release|Any CPU.ActiveCfg = Release|Any CPU
		{44572359-8BF7-4341-B2B4-A803B9C362A7}.Release|Any CPU.Build.0 = Release|Any CPU
		{F6996EF7-1C26-4E28-9CFA-1997DB13CE3B}.Debug|Any CPU.ActiveCfg = Debug|Any CPU
		{F6996EF7-1C26-4E28-9CFA-1997DB13CE3B}.Debug|Any CPU.Build.0 = Debug|Any CPU
		{F6996EF7-1C26-4E28-9CFA-1997DB13CE3B}.Release|Any CPU.ActiveCfg = Release|Any CPU
		{F6996EF7-1C26-4E28-9CFA-1997DB13CE3B}.Release|Any CPU.Build.0 = Release|Any CPU
	EndGlobalSection
	GlobalSection(SolutionProperties) = preSolution
		HideSolutionNode = FALSE
	EndGlobalSection
	GlobalSection(NestedProjects) = preSolution
		{55F150C5-202D-4E41-AD4A-9C187DD76B50} = {F9D767AF-6A9B-4910-88A3-DE2EA81472BB}
	EndGlobalSection
	GlobalSection(ExtensibilityGlobals) = postSolution
		SolutionGuid = {F78B797A-A7CC-48E0-9705-A276529550B2}
	EndGlobalSection
EndGlobal
